
Microsoft Visual Studio Solution File, Format Version 12.00
Project("{FAE04EC0-301F-11D3-BF4B-00C04F79EFBC}") = "UpdateAPI", "UpdateAPI\UpdateAPI.csproj", "{410C5A52-736F-44FC-B5E6-77F459F1CCC4}"
EndProject
Project("{FAE04EC0-301F-11D3-BF4B-00C04F79EFBC}") = "Infrastructure", "Infrastructure\Infrastructure.csproj", "{BFF26606-B9DF-4A22-AA94-EA91BC5F7A2F}"
EndProject
Project("{FAE04EC0-301F-11D3-BF4B-00C04F79EFBC}") = "Domain", "Domain\Domain.csproj", "{B0C9693B-1BCD-4562-90A1-CBDB9A6627D6}"
EndProject
Global
	GlobalSection(SolutionConfigurationPlatforms) = preSolution
		Debug|Any CPU = Debug|Any CPU
		Release|Any CPU = Release|Any CPU
	EndGlobalSection
	GlobalSection(ProjectConfigurationPlatforms) = postSolution
		{410C5A52-736F-44FC-B5E6-77F459F1CCC4}.Debug|Any CPU.ActiveCfg = Debug|Any CPU
		{410C5A52-736F-44FC-B5E6-77F459F1CCC4}.Debug|Any CPU.Build.0 = Debug|Any CPU
		{410C5A52-736F-44FC-B5E6-77F459F1CCC4}.Release|Any CPU.ActiveCfg = Release|Any CPU
		{410C5A52-736F-44FC-B5E6-77F459F1CCC4}.Release|Any CPU.Build.0 = Release|Any CPU
		{BFF26606-B9DF-4A22-AA94-EA91BC5F7A2F}.Debug|Any CPU.ActiveCfg = Debug|Any CPU
		{BFF26606-B9DF-4A22-AA94-EA91BC5F7A2F}.Debug|Any CPU.Build.0 = Debug|Any CPU
		{BFF26606-B9DF-4A22-AA94-EA91BC5F7A2F}.Release|Any CPU.ActiveCfg = Release|Any CPU
		{BFF26606-B9DF-4A22-AA94-EA91BC5F7A2F}.Release|Any CPU.Build.0 = Release|Any CPU
		{B0C9693B-1BCD-4562-90A1-CBDB9A6627D6}.Debug|Any CPU.ActiveCfg = Debug|Any CPU
		{B0C9693B-1BCD-4562-90A1-CBDB9A6627D6}.Debug|Any CPU.Build.0 = Debug|Any CPU
		{B0C9693B-1BCD-4562-90A1-CBDB9A6627D6}.Release|Any CPU.ActiveCfg = Release|Any CPU
		{B0C9693B-1BCD-4562-90A1-CBDB9A6627D6}.Release|Any CPU.Build.0 = Release|Any CPU
	EndGlobalSection
EndGlobal
