
Microsoft Visual Studio Solution File, Format Version 12.00
Project("{FAE04EC0-301F-11D3-BF4B-00C04F79EFBC}") = "UpdateAPI", "UpdateAPI\UpdateAPI.csproj", "{410C5A52-736F-44FC-B5E6-77F459F1CCC4}"
EndProject
Project("{FAE04EC0-301F-11D3-BF4B-00C04F79EFBC}") = "Domain", "Domain\Domain.csproj", "{0CE2B0C0-531F-4EF0-BBFA-E56F2D6D84CF}"
EndProject
Project("{FAE04EC0-301F-11D3-BF4B-00C04F79EFBC}") = "Infraestructure", "Infraestructure\Infraestructure.csproj", "{77401BA6-5741-4A82-B335-A275F7ECD504}"
EndProject
Project("{FAE04EC0-301F-11D3-BF4B-00C04F79EFBC}") = "UpDate.Domain.Test", "UpDate.Domain.Test\UpDate.Domain.Test.csproj", "{1F33FC88-EB16-48D7-ADA5-E0FBBF6BE930}"
EndProject
Global
	GlobalSection(SolutionConfigurationPlatforms) = preSolution
		Debug|Any CPU = Debug|Any CPU
		Release|Any CPU = Release|Any CPU
	EndGlobalSection
	GlobalSection(ProjectConfigurationPlatforms) = postSolution
		{410C5A52-736F-44FC-B5E6-77F459F1CCC4}.Debug|Any CPU.ActiveCfg = Debug|Any CPU
		{410C5A52-736F-44FC-B5E6-77F459F1CCC4}.Debug|Any CPU.Build.0 = Debug|Any CPU
		{410C5A52-736F-44FC-B5E6-77F459F1CCC4}.Release|Any CPU.ActiveCfg = Release|Any CPU
		{410C5A52-736F-44FC-B5E6-77F459F1CCC4}.Release|Any CPU.Build.0 = Release|Any CPU
		{0CE2B0C0-531F-4EF0-BBFA-E56F2D6D84CF}.Debug|Any CPU.ActiveCfg = Debug|Any CPU
		{0CE2B0C0-531F-4EF0-BBFA-E56F2D6D84CF}.Debug|Any CPU.Build.0 = Debug|Any CPU
		{0CE2B0C0-531F-4EF0-BBFA-E56F2D6D84CF}.Release|Any CPU.ActiveCfg = Release|Any CPU
		{0CE2B0C0-531F-4EF0-BBFA-E56F2D6D84CF}.Release|Any CPU.Build.0 = Release|Any CPU
		{77401BA6-5741-4A82-B335-A275F7ECD504}.Debug|Any CPU.ActiveCfg = Debug|Any CPU
		{77401BA6-5741-4A82-B335-A275F7ECD504}.Debug|Any CPU.Build.0 = Debug|Any CPU
		{77401BA6-5741-4A82-B335-A275F7ECD504}.Release|Any CPU.ActiveCfg = Release|Any CPU
		{77401BA6-5741-4A82-B335-A275F7ECD504}.Release|Any CPU.Build.0 = Release|Any CPU
		{1F33FC88-EB16-48D7-ADA5-E0FBBF6BE930}.Debug|Any CPU.ActiveCfg = Debug|Any CPU
		{1F33FC88-EB16-48D7-ADA5-E0FBBF6BE930}.Debug|Any CPU.Build.0 = Debug|Any CPU
		{1F33FC88-EB16-48D7-ADA5-E0FBBF6BE930}.Release|Any CPU.ActiveCfg = Release|Any CPU
		{1F33FC88-EB16-48D7-ADA5-E0FBBF6BE930}.Release|Any CPU.Build.0 = Release|Any CPU
	EndGlobalSection
EndGlobal
